
Microsoft Visual Studio Solution File, Format Version 12.00
# Visual Studio Version 17
VisualStudioVersion = 17.10.35013.160
MinimumVisualStudioVersion = 10.0.40219.1
Project("{FAE04EC0-301F-11D3-BF4B-00C04F79EFBC}") = "6(задачи)", "6(задачи)\6(задачи).csproj", "{044228CA-7EBB-43B7-B919-1ADD1B24FBE4}"
EndProject
Global
	GlobalSection(SolutionConfigurationPlatforms) = preSolution
		Debug|Any CPU = Debug|Any CPU
		Release|Any CPU = Release|Any CPU
	EndGlobalSection
	GlobalSection(ProjectConfigurationPlatforms) = postSolution
		{044228CA-7EBB-43B7-B919-1ADD1B24FBE4}.Debug|Any CPU.ActiveCfg = Debug|Any CPU
		{044228CA-7EBB-43B7-B919-1ADD1B24FBE4}.Debug|Any CPU.Build.0 = Debug|Any CPU
		{044228CA-7EBB-43B7-B919-1ADD1B24FBE4}.Release|Any CPU.ActiveCfg = Release|Any CPU
		{044228CA-7EBB-43B7-B919-1ADD1B24FBE4}.Release|Any CPU.Build.0 = Release|Any CPU
	EndGlobalSection
	GlobalSection(SolutionProperties) = preSolution
		HideSolutionNode = FALSE
	EndGlobalSection
	GlobalSection(ExtensibilityGlobals) = postSolution
		SolutionGuid = {3B0AC5CB-75BD-474C-9978-995826186477}
	EndGlobalSection
EndGlobal
